// !$*UTF8*$!
{
	archiveVersion = 1;
	classes = {
	};
	objectVersion = 46;
	objects = {

/* Begin PBXBuildFile section */
		5C54320138A72EEF8B56F5D8 /* Pods_GPUAnimationExamples.framework in Frameworks */ = {isa = PBXBuildFile; fileRef = 9D8CC06182906AC3D28B60E0 /* Pods_GPUAnimationExamples.framework */; };
		A3E7786B1D9F604C0096C5C2 /* GPUAnimator.swift in Sources */ = {isa = PBXBuildFile; fileRef = A3E778651D9F604C0096C5C2 /* GPUAnimator.swift */; };
		A3E7786C1D9F604C0096C5C2 /* GPUWorker.swift in Sources */ = {isa = PBXBuildFile; fileRef = A3E778661D9F604C0096C5C2 /* GPUWorker.swift */; };
		A3E7786E1D9F604C0096C5C2 /* UIKit+GPUAnimation.swift in Sources */ = {isa = PBXBuildFile; fileRef = A3E778681D9F604C0096C5C2 /* UIKit+GPUAnimation.swift */; };
		A3E7786F1D9F604C0096C5C2 /* UIView+GPUAnimation.swift in Sources */ = {isa = PBXBuildFile; fileRef = A3E778691D9F604C0096C5C2 /* UIView+GPUAnimation.swift */; };
		A3E7787C1DA0A5260096C5C2 /* GPUAnimation.metal in Sources */ = {isa = PBXBuildFile; fileRef = A3E778641D9F604C0096C5C2 /* GPUAnimation.metal */; };
		A3E7787E1DA0B1BC0096C5C2 /* AnimationBuilder.swift in Sources */ = {isa = PBXBuildFile; fileRef = A3E7787D1DA0B1BB0096C5C2 /* AnimationBuilder.swift */; };
		B11022061D9CED3200EDF9D0 /* AppDelegate.swift in Sources */ = {isa = PBXBuildFile; fileRef = B11022051D9CED3200EDF9D0 /* AppDelegate.swift */; };
		B110220B1D9CED3200EDF9D0 /* Main.storyboard in Resources */ = {isa = PBXBuildFile; fileRef = B11022091D9CED3200EDF9D0 /* Main.storyboard */; };
		B110220D1D9CED3200EDF9D0 /* Assets.xcassets in Resources */ = {isa = PBXBuildFile; fileRef = B110220C1D9CED3200EDF9D0 /* Assets.xcassets */; };
		B11022101D9CED3200EDF9D0 /* LaunchScreen.storyboard in Resources */ = {isa = PBXBuildFile; fileRef = B110220E1D9CED3200EDF9D0 /* LaunchScreen.storyboard */; };
		B11022201D9CEDC400EDF9D0 /* ViewController.swift in Sources */ = {isa = PBXBuildFile; fileRef = B11022171D9CEDC400EDF9D0 /* ViewController.swift */; };
		B11022211D9CEDC400EDF9D0 /* Random.swift in Sources */ = {isa = PBXBuildFile; fileRef = B11022181D9CEDC400EDF9D0 /* Random.swift */; };
		B11022241D9CEDC400EDF9D0 /* SortedRangeSet.swift in Sources */ = {isa = PBXBuildFile; fileRef = B110221B1D9CEDC400EDF9D0 /* SortedRangeSet.swift */; };
		B1AF47471D9DF9E50053A995 /* ExamplesViewController.swift in Sources */ = {isa = PBXBuildFile; fileRef = B1AF47461D9DF9E50053A995 /* ExamplesViewController.swift */; };
/* End PBXBuildFile section */

/* Begin PBXFileReference section */
		6F143AAF1BFC8C47E78FA977 /* Pods-GPUAnimationExamples.release.xcconfig */ = {isa = PBXFileReference; includeInIndex = 1; lastKnownFileType = text.xcconfig; name = "Pods-GPUAnimationExamples.release.xcconfig"; path = "Pods/Target Support Files/Pods-GPUAnimationExamples/Pods-GPUAnimationExamples.release.xcconfig"; sourceTree = "<group>"; };
		9D8CC06182906AC3D28B60E0 /* Pods_GPUAnimationExamples.framework */ = {isa = PBXFileReference; explicitFileType = wrapper.framework; includeInIndex = 0; path = Pods_GPUAnimationExamples.framework; sourceTree = BUILT_PRODUCTS_DIR; };
		A3E778641D9F604C0096C5C2 /* GPUAnimation.metal */ = {isa = PBXFileReference; fileEncoding = 4; lastKnownFileType = sourcecode.metal; name = GPUAnimation.metal; path = GPUAnimation/GPUAnimation.metal; sourceTree = SOURCE_ROOT; };
		A3E778651D9F604C0096C5C2 /* GPUAnimator.swift */ = {isa = PBXFileReference; fileEncoding = 4; lastKnownFileType = sourcecode.swift; name = GPUAnimator.swift; path = GPUAnimation/GPUAnimator.swift; sourceTree = SOURCE_ROOT; };
		A3E778661D9F604C0096C5C2 /* GPUWorker.swift */ = {isa = PBXFileReference; fileEncoding = 4; lastKnownFileType = sourcecode.swift; name = GPUWorker.swift; path = GPUAnimation/GPUWorker.swift; sourceTree = SOURCE_ROOT; };
		A3E778681D9F604C0096C5C2 /* UIKit+GPUAnimation.swift */ = {isa = PBXFileReference; fileEncoding = 4; lastKnownFileType = sourcecode.swift; name = "UIKit+GPUAnimation.swift"; path = "GPUAnimation/UIKit+GPUAnimation.swift"; sourceTree = SOURCE_ROOT; };
		A3E778691D9F604C0096C5C2 /* UIView+GPUAnimation.swift */ = {isa = PBXFileReference; fileEncoding = 4; lastKnownFileType = sourcecode.swift; name = "UIView+GPUAnimation.swift"; path = "GPUAnimation/UIView+GPUAnimation.swift"; sourceTree = SOURCE_ROOT; };
		A3E778741D9F62ED0096C5C2 /* GPUAnimation.metal */ = {isa = PBXFileReference; lastKnownFileType = sourcecode.metal; path = GPUAnimation.metal; sourceTree = "<group>"; };
		A3E7787D1DA0B1BB0096C5C2 /* AnimationBuilder.swift */ = {isa = PBXFileReference; fileEncoding = 4; lastKnownFileType = sourcecode.swift; name = AnimationBuilder.swift; path = GPUAnimation/AnimationBuilder.swift; sourceTree = SOURCE_ROOT; };
		B11022021D9CED3200EDF9D0 /* GPUAnimationExamples.app */ = {isa = PBXFileReference; explicitFileType = wrapper.application; includeInIndex = 0; path = GPUAnimationExamples.app; sourceTree = BUILT_PRODUCTS_DIR; };
		B11022051D9CED3200EDF9D0 /* AppDelegate.swift */ = {isa = PBXFileReference; lastKnownFileType = sourcecode.swift; path = AppDelegate.swift; sourceTree = "<group>"; };
		B110220A1D9CED3200EDF9D0 /* Base */ = {isa = PBXFileReference; lastKnownFileType = file.storyboard; name = Base; path = Base.lproj/Main.storyboard; sourceTree = "<group>"; };
		B110220C1D9CED3200EDF9D0 /* Assets.xcassets */ = {isa = PBXFileReference; lastKnownFileType = folder.assetcatalog; path = Assets.xcassets; sourceTree = "<group>"; };
		B110220F1D9CED3200EDF9D0 /* Base */ = {isa = PBXFileReference; lastKnownFileType = file.storyboard; name = Base; path = Base.lproj/LaunchScreen.storyboard; sourceTree = "<group>"; };
		B11022111D9CED3200EDF9D0 /* Info.plist */ = {isa = PBXFileReference; lastKnownFileType = text.plist.xml; path = Info.plist; sourceTree = "<group>"; };
		B11022171D9CEDC400EDF9D0 /* ViewController.swift */ = {isa = PBXFileReference; fileEncoding = 4; lastKnownFileType = sourcecode.swift; path = ViewController.swift; sourceTree = "<group>"; };
		B11022181D9CEDC400EDF9D0 /* Random.swift */ = {isa = PBXFileReference; fileEncoding = 4; lastKnownFileType = sourcecode.swift; path = Random.swift; sourceTree = "<group>"; };
		B110221B1D9CEDC400EDF9D0 /* SortedRangeSet.swift */ = {isa = PBXFileReference; fileEncoding = 4; lastKnownFileType = sourcecode.swift; path = SortedRangeSet.swift; sourceTree = "<group>"; };
		B1AF47461D9DF9E50053A995 /* ExamplesViewController.swift */ = {isa = PBXFileReference; fileEncoding = 4; lastKnownFileType = sourcecode.swift; path = ExamplesViewController.swift; sourceTree = "<group>"; };
		C4B7DA9E026EC75C5D7A6CA0 /* Pods-GPUAnimationExamples.debug.xcconfig */ = {isa = PBXFileReference; includeInIndex = 1; lastKnownFileType = text.xcconfig; name = "Pods-GPUAnimationExamples.debug.xcconfig"; path = "Pods/Target Support Files/Pods-GPUAnimationExamples/Pods-GPUAnimationExamples.debug.xcconfig"; sourceTree = "<group>"; };
/* End PBXFileReference section */

/* Begin PBXFrameworksBuildPhase section */
		B11021FF1D9CED3200EDF9D0 /* Frameworks */ = {
			isa = PBXFrameworksBuildPhase;
			buildActionMask = 2147483647;
			files = (
				5C54320138A72EEF8B56F5D8 /* Pods_GPUAnimationExamples.framework in Frameworks */,
			);
			runOnlyForDeploymentPostprocessing = 0;
		};
/* End PBXFrameworksBuildPhase section */

/* Begin PBXGroup section */
		1D8F3AF9347CA7F54786C097 /* Pods */ = {
			isa = PBXGroup;
			children = (
				C4B7DA9E026EC75C5D7A6CA0 /* Pods-GPUAnimationExamples.debug.xcconfig */,
				6F143AAF1BFC8C47E78FA977 /* Pods-GPUAnimationExamples.release.xcconfig */,
			);
			name = Pods;
			sourceTree = "<group>";
		};
		947D032E0E9ECD6B1D7A4000 /* Frameworks */ = {
			isa = PBXGroup;
			children = (
				9D8CC06182906AC3D28B60E0 /* Pods_GPUAnimationExamples.framework */,
			);
			name = Frameworks;
			sourceTree = "<group>";
		};
		A3E778731D9F62ED0096C5C2 /* GPUAnimation */ = {
			isa = PBXGroup;
			children = (
				A3E778741D9F62ED0096C5C2 /* GPUAnimation.metal */,
			);
			path = GPUAnimation;
			sourceTree = "<group>";
		};
		A3E7787B1D9F712D0096C5C2 /* Util */ = {
			isa = PBXGroup;
			children = (
				B11022181D9CEDC400EDF9D0 /* Random.swift */,
				B110221B1D9CEDC400EDF9D0 /* SortedRangeSet.swift */,
			);
			name = Util;
			sourceTree = "<group>";
		};
		B11021F91D9CED3200EDF9D0 = {
			isa = PBXGroup;
			children = (
				B11022041D9CED3200EDF9D0 /* GPUAnimationExamples */,
				A3E778731D9F62ED0096C5C2 /* GPUAnimation */,
				B11022031D9CED3200EDF9D0 /* Products */,
				1D8F3AF9347CA7F54786C097 /* Pods */,
				947D032E0E9ECD6B1D7A4000 /* Frameworks */,
			);
			sourceTree = "<group>";
		};
		B11022031D9CED3200EDF9D0 /* Products */ = {
			isa = PBXGroup;
			children = (
				B11022021D9CED3200EDF9D0 /* GPUAnimationExamples.app */,
			);
			name = Products;
			sourceTree = "<group>";
		};
		B11022041D9CED3200EDF9D0 /* GPUAnimationExamples */ = {
			isa = PBXGroup;
			children = (
				B11022051D9CED3200EDF9D0 /* AppDelegate.swift */,
				B11022171D9CEDC400EDF9D0 /* ViewController.swift */,
				B1AF47461D9DF9E50053A995 /* ExamplesViewController.swift */,
				B11022291D9CEDCF00EDF9D0 /* GPUAnimation */,
				A3E7787B1D9F712D0096C5C2 /* Util */,
				B11022091D9CED3200EDF9D0 /* Main.storyboard */,
				B110220C1D9CED3200EDF9D0 /* Assets.xcassets */,
				B110220E1D9CED3200EDF9D0 /* LaunchScreen.storyboard */,
				B11022111D9CED3200EDF9D0 /* Info.plist */,
			);
			path = GPUAnimationExamples;
			sourceTree = "<group>";
		};
		B11022291D9CEDCF00EDF9D0 /* GPUAnimation */ = {
			isa = PBXGroup;
			children = (
				A3E778641D9F604C0096C5C2 /* GPUAnimation.metal */,
				A3E778651D9F604C0096C5C2 /* GPUAnimator.swift */,
				A3E778661D9F604C0096C5C2 /* GPUWorker.swift */,
				A3E778681D9F604C0096C5C2 /* UIKit+GPUAnimation.swift */,
				A3E778691D9F604C0096C5C2 /* UIView+GPUAnimation.swift */,
				A3E7787D1DA0B1BB0096C5C2 /* AnimationBuilder.swift */,
			);
			name = GPUAnimation;
			sourceTree = "<group>";
		};
/* End PBXGroup section */

/* Begin PBXNativeTarget section */
		B11022011D9CED3200EDF9D0 /* GPUAnimationExamples */ = {
			isa = PBXNativeTarget;
			buildConfigurationList = B11022141D9CED3200EDF9D0 /* Build configuration list for PBXNativeTarget "GPUAnimationExamples" */;
			buildPhases = (
				9CE7FF5579D97FB5E9B73792 /* Check Pods Manifest.lock */,
				B11021FE1D9CED3200EDF9D0 /* Sources */,
				B11021FF1D9CED3200EDF9D0 /* Frameworks */,
				B11022001D9CED3200EDF9D0 /* Resources */,
				82C2A2F537C351BA4D0B86C7 /* Embed Pods Frameworks */,
				021D917E6A606AA19F5C1876 /* Copy Pods Resources */,
			);
			buildRules = (
			);
			dependencies = (
			);
			name = GPUAnimationExamples;
			productName = GPUAnimationExamples;
			productReference = B11022021D9CED3200EDF9D0 /* GPUAnimationExamples.app */;
			productType = "com.apple.product-type.application";
		};
/* End PBXNativeTarget section */

/* Begin PBXProject section */
		B11021FA1D9CED3200EDF9D0 /* Project object */ = {
			isa = PBXProject;
			attributes = {
				LastSwiftUpdateCheck = 0800;
				LastUpgradeCheck = 0800;
				ORGANIZATIONNAME = lkzhao;
				TargetAttributes = {
					B11022011D9CED3200EDF9D0 = {
						CreatedOnToolsVersion = 8.0;
						DevelopmentTeam = 4VSEW78TKT;
						LastSwiftMigration = 0800;
						ProvisioningStyle = Automatic;
					};
				};
			};
			buildConfigurationList = B11021FD1D9CED3200EDF9D0 /* Build configuration list for PBXProject "GPUAnimationExamples" */;
			compatibilityVersion = "Xcode 3.2";
			developmentRegion = English;
			hasScannedForEncodings = 0;
			knownRegions = (
				en,
				Base,
			);
			mainGroup = B11021F91D9CED3200EDF9D0;
			productRefGroup = B11022031D9CED3200EDF9D0 /* Products */;
			projectDirPath = "";
			projectRoot = "";
			targets = (
				B11022011D9CED3200EDF9D0 /* GPUAnimationExamples */,
			);
		};
/* End PBXProject section */

/* Begin PBXResourcesBuildPhase section */
		B11022001D9CED3200EDF9D0 /* Resources */ = {
			isa = PBXResourcesBuildPhase;
			buildActionMask = 2147483647;
			files = (
				B11022101D9CED3200EDF9D0 /* LaunchScreen.storyboard in Resources */,
				B110220D1D9CED3200EDF9D0 /* Assets.xcassets in Resources */,
				B110220B1D9CED3200EDF9D0 /* Main.storyboard in Resources */,
			);
			runOnlyForDeploymentPostprocessing = 0;
		};
/* End PBXResourcesBuildPhase section */

/* Begin PBXShellScriptBuildPhase section */
		021D917E6A606AA19F5C1876 /* Copy Pods Resources */ = {
			isa = PBXShellScriptBuildPhase;
			buildActionMask = 2147483647;
			files = (
			);
			inputPaths = (
			);
			name = "Copy Pods Resources";
			outputPaths = (
			);
			runOnlyForDeploymentPostprocessing = 0;
			shellPath = /bin/sh;
			shellScript = "\"${SRCROOT}/Pods/Target Support Files/Pods-GPUAnimationExamples/Pods-GPUAnimationExamples-resources.sh\"\n";
			showEnvVarsInLog = 0;
		};
		82C2A2F537C351BA4D0B86C7 /* Embed Pods Frameworks */ = {
			isa = PBXShellScriptBuildPhase;
			buildActionMask = 2147483647;
			files = (
			);
			inputPaths = (
			);
			name = "Embed Pods Frameworks";
			outputPaths = (
			);
			runOnlyForDeploymentPostprocessing = 0;
			shellPath = /bin/sh;
			shellScript = "\"${SRCROOT}/Pods/Target Support Files/Pods-GPUAnimationExamples/Pods-GPUAnimationExamples-frameworks.sh\"\n";
			showEnvVarsInLog = 0;
		};
		9CE7FF5579D97FB5E9B73792 /* Check Pods Manifest.lock */ = {
			isa = PBXShellScriptBuildPhase;
			buildActionMask = 2147483647;
			files = (
			);
			inputPaths = (
			);
			name = "Check Pods Manifest.lock";
			outputPaths = (
			);
			runOnlyForDeploymentPostprocessing = 0;
			shellPath = /bin/sh;
			shellScript = "diff \"${PODS_ROOT}/../Podfile.lock\" \"${PODS_ROOT}/Manifest.lock\" > /dev/null\nif [[ $? != 0 ]] ; then\n    cat << EOM\nerror: The sandbox is not in sync with the Podfile.lock. Run 'pod install' or update your CocoaPods installation.\nEOM\n    exit 1\nfi\n";
			showEnvVarsInLog = 0;
		};
/* End PBXShellScriptBuildPhase section */

/* Begin PBXSourcesBuildPhase section */
		B11021FE1D9CED3200EDF9D0 /* Sources */ = {
			isa = PBXSourcesBuildPhase;
			buildActionMask = 2147483647;
			files = (
				A3E7786C1D9F604C0096C5C2 /* GPUWorker.swift in Sources */,
				B11022201D9CEDC400EDF9D0 /* ViewController.swift in Sources */,
				B11022061D9CED3200EDF9D0 /* AppDelegate.swift in Sources */,
				A3E7786B1D9F604C0096C5C2 /* GPUAnimator.swift in Sources */,
				A3E7787C1DA0A5260096C5C2 /* GPUAnimation.metal in Sources */,
				B1AF47471D9DF9E50053A995 /* ExamplesViewController.swift in Sources */,
				A3E7786F1D9F604C0096C5C2 /* UIView+GPUAnimation.swift in Sources */,
				B11022211D9CEDC400EDF9D0 /* Random.swift in Sources */,
				A3E7787E1DA0B1BC0096C5C2 /* AnimationBuilder.swift in Sources */,
				B11022241D9CEDC400EDF9D0 /* SortedRangeSet.swift in Sources */,
				A3E7786E1D9F604C0096C5C2 /* UIKit+GPUAnimation.swift in Sources */,
			);
			runOnlyForDeploymentPostprocessing = 0;
		};
/* End PBXSourcesBuildPhase section */

/* Begin PBXVariantGroup section */
		B11022091D9CED3200EDF9D0 /* Main.storyboard */ = {
			isa = PBXVariantGroup;
			children = (
				B110220A1D9CED3200EDF9D0 /* Base */,
			);
			name = Main.storyboard;
			sourceTree = "<group>";
		};
		B110220E1D9CED3200EDF9D0 /* LaunchScreen.storyboard */ = {
			isa = PBXVariantGroup;
			children = (
				B110220F1D9CED3200EDF9D0 /* Base */,
			);
			name = LaunchScreen.storyboard;
			sourceTree = "<group>";
		};
/* End PBXVariantGroup section */

/* Begin XCBuildConfiguration section */
		B11022121D9CED3200EDF9D0 /* Debug */ = {
			isa = XCBuildConfiguration;
			buildSettings = {
				ALWAYS_SEARCH_USER_PATHS = NO;
				CLANG_ANALYZER_NONNULL = YES;
				CLANG_CXX_LANGUAGE_STANDARD = "gnu++0x";
				CLANG_CXX_LIBRARY = "libc++";
				CLANG_ENABLE_MODULES = YES;
				CLANG_ENABLE_OBJC_ARC = YES;
				CLANG_WARN_BOOL_CONVERSION = YES;
				CLANG_WARN_CONSTANT_CONVERSION = YES;
				CLANG_WARN_DIRECT_OBJC_ISA_USAGE = YES_ERROR;
				CLANG_WARN_DOCUMENTATION_COMMENTS = YES;
				CLANG_WARN_EMPTY_BODY = YES;
				CLANG_WARN_ENUM_CONVERSION = YES;
				CLANG_WARN_INFINITE_RECURSION = YES;
				CLANG_WARN_INT_CONVERSION = YES;
				CLANG_WARN_OBJC_ROOT_CLASS = YES_ERROR;
				CLANG_WARN_SUSPICIOUS_MOVES = YES;
				CLANG_WARN_UNREACHABLE_CODE = YES;
				CLANG_WARN__DUPLICATE_METHOD_MATCH = YES;
				"CODE_SIGN_IDENTITY[sdk=iphoneos*]" = "iPhone Developer";
				COPY_PHASE_STRIP = NO;
				DEBUG_INFORMATION_FORMAT = dwarf;
				ENABLE_STRICT_OBJC_MSGSEND = YES;
				ENABLE_TESTABILITY = YES;
				GCC_C_LANGUAGE_STANDARD = gnu99;
				GCC_DYNAMIC_NO_PIC = NO;
				GCC_NO_COMMON_BLOCKS = YES;
				GCC_OPTIMIZATION_LEVEL = 0;
				GCC_PREPROCESSOR_DEFINITIONS = (
					"DEBUG=1",
					"$(inherited)",
				);
				GCC_WARN_64_TO_32_BIT_CONVERSION = YES;
				GCC_WARN_ABOUT_RETURN_TYPE = YES_ERROR;
				GCC_WARN_UNDECLARED_SELECTOR = YES;
				GCC_WARN_UNINITIALIZED_AUTOS = YES_AGGRESSIVE;
				GCC_WARN_UNUSED_FUNCTION = YES;
				GCC_WARN_UNUSED_VARIABLE = YES;
				IPHONEOS_DEPLOYMENT_TARGET = 10.0;
				MTL_ENABLE_DEBUG_INFO = YES;
				ONLY_ACTIVE_ARCH = YES;
				SDKROOT = iphoneos;
				SWIFT_ACTIVE_COMPILATION_CONDITIONS = DEBUG;
				SWIFT_OPTIMIZATION_LEVEL = "-Onone";
				SWIFT_VERSION = 3.0;
				TARGETED_DEVICE_FAMILY = "1,2";
			};
			name = Debug;
		};
		B11022131D9CED3200EDF9D0 /* Release */ = {
			isa = XCBuildConfiguration;
			buildSettings = {
				ALWAYS_SEARCH_USER_PATHS = NO;
				CLANG_ANALYZER_NONNULL = YES;
				CLANG_CXX_LANGUAGE_STANDARD = "gnu++0x";
				CLANG_CXX_LIBRARY = "libc++";
				CLANG_ENABLE_MODULES = YES;
				CLANG_ENABLE_OBJC_ARC = YES;
				CLANG_WARN_BOOL_CONVERSION = YES;
				CLANG_WARN_CONSTANT_CONVERSION = YES;
				CLANG_WARN_DIRECT_OBJC_ISA_USAGE = YES_ERROR;
				CLANG_WARN_DOCUMENTATION_COMMENTS = YES;
				CLANG_WARN_EMPTY_BODY = YES;
				CLANG_WARN_ENUM_CONVERSION = YES;
				CLANG_WARN_INFINITE_RECURSION = YES;
				CLANG_WARN_INT_CONVERSION = YES;
				CLANG_WARN_OBJC_ROOT_CLASS = YES_ERROR;
				CLANG_WARN_SUSPICIOUS_MOVES = YES;
				CLANG_WARN_UNREACHABLE_CODE = YES;
				CLANG_WARN__DUPLICATE_METHOD_MATCH = YES;
				"CODE_SIGN_IDENTITY[sdk=iphoneos*]" = "iPhone Developer";
				COPY_PHASE_STRIP = NO;
				DEBUG_INFORMATION_FORMAT = "dwarf-with-dsym";
				ENABLE_NS_ASSERTIONS = NO;
				ENABLE_STRICT_OBJC_MSGSEND = YES;
				GCC_C_LANGUAGE_STANDARD = gnu99;
				GCC_NO_COMMON_BLOCKS = YES;
				GCC_WARN_64_TO_32_BIT_CONVERSION = YES;
				GCC_WARN_ABOUT_RETURN_TYPE = YES_ERROR;
				GCC_WARN_UNDECLARED_SELECTOR = YES;
				GCC_WARN_UNINITIALIZED_AUTOS = YES_AGGRESSIVE;
				GCC_WARN_UNUSED_FUNCTION = YES;
				GCC_WARN_UNUSED_VARIABLE = YES;
				IPHONEOS_DEPLOYMENT_TARGET = 10.0;
				MTL_ENABLE_DEBUG_INFO = NO;
				SDKROOT = iphoneos;
				SWIFT_OPTIMIZATION_LEVEL = "-Owholemodule";
				SWIFT_VERSION = 3.0;
				TARGETED_DEVICE_FAMILY = "1,2";
				VALIDATE_PRODUCT = YES;
			};
			name = Release;
		};
		B11022151D9CED3200EDF9D0 /* Debug */ = {
			isa = XCBuildConfiguration;
			baseConfigurationReference = C4B7DA9E026EC75C5D7A6CA0 /* Pods-GPUAnimationExamples.debug.xcconfig */;
			buildSettings = {
				ASSETCATALOG_COMPILER_APPICON_NAME = AppIcon;
				DEVELOPMENT_TEAM = 4VSEW78TKT;
				INFOPLIST_FILE = GPUAnimationExamples/Info.plist;
				LD_RUNPATH_SEARCH_PATHS = "$(inherited) @executable_path/Frameworks";
				OTHER_SWIFT_FLAGS = "$(inherited) \"-D\" \"COCOAPODS\" -D DEBUGMEMORY";
				PRODUCT_BUNDLE_IDENTIFIER = com.lkzhao.GPUAnimationExamples;
				PRODUCT_NAME = "$(TARGET_NAME)";
				SWIFT_VERSION = 3.0;
			};
			name = Debug;
		};
		B11022161D9CED3200EDF9D0 /* Release */ = {
			isa = XCBuildConfiguration;
			baseConfigurationReference = 6F143AAF1BFC8C47E78FA977 /* Pods-GPUAnimationExamples.release.xcconfig */;
			buildSettings = {
				ASSETCATALOG_COMPILER_APPICON_NAME = AppIcon;
				DEVELOPMENT_TEAM = 4VSEW78TKT;
				INFOPLIST_FILE = GPUAnimationExamples/Info.plist;
				LD_RUNPATH_SEARCH_PATHS = "$(inherited) @executable_path/Frameworks";
				PRODUCT_BUNDLE_IDENTIFIER = com.lkzhao.GPUAnimationExamples;
				PRODUCT_NAME = "$(TARGET_NAME)";
				SWIFT_VERSION = 3.0;
			};
			name = Release;
		};
/* End XCBuildConfiguration section */

/* Begin XCConfigurationList section */
		B11021FD1D9CED3200EDF9D0 /* Build configuration list for PBXProject "GPUAnimationExamples" */ = {
			isa = XCConfigurationList;
			buildConfigurations = (
				B11022121D9CED3200EDF9D0 /* Debug */,
				B11022131D9CED3200EDF9D0 /* Release */,
			);
			defaultConfigurationIsVisible = 0;
			defaultConfigurationName = Release;
		};
		B11022141D9CED3200EDF9D0 /* Build configuration list for PBXNativeTarget "GPUAnimationExamples" */ = {
			isa = XCConfigurationList;
			buildConfigurations = (
				B11022151D9CED3200EDF9D0 /* Debug */,
				B11022161D9CED3200EDF9D0 /* Release */,
			);
			defaultConfigurationIsVisible = 0;
			defaultConfigurationName = Release;
		};
/* End XCConfigurationList section */
	};
	rootObject = B11021FA1D9CED3200EDF9D0 /* Project object */;
}
